// !$*UTF8*$!
{
	archiveVersion = 1;
	classes = {
	};
	objectVersion = 46;
	objects = {

/* Begin PBXBuildFile section */
		06D525651A0BDFFF00A0CD61 /* AppDelegate.swift in Sources */ = {isa = PBXBuildFile; fileRef = 06D525641A0BDFFF00A0CD61 /* AppDelegate.swift */; };
		06D525671A0BDFFF00A0CD61 /* ViewController.swift in Sources */ = {isa = PBXBuildFile; fileRef = 06D525661A0BDFFF00A0CD61 /* ViewController.swift */; };
		06D5256A1A0BDFFF00A0CD61 /* Main.storyboard in Resources */ = {isa = PBXBuildFile; fileRef = 06D525681A0BDFFF00A0CD61 /* Main.storyboard */; };
		06D5256C1A0BDFFF00A0CD61 /* Images.xcassets in Resources */ = {isa = PBXBuildFile; fileRef = 06D5256B1A0BDFFF00A0CD61 /* Images.xcassets */; };
		06D5256F1A0BDFFF00A0CD61 /* LaunchScreen.xib in Resources */ = {isa = PBXBuildFile; fileRef = 06D5256D1A0BDFFF00A0CD61 /* LaunchScreen.xib */; };
		06D5257B1A0BDFFF00A0CD61 /* LaikaTests.swift in Sources */ = {isa = PBXBuildFile; fileRef = 06D5257A1A0BDFFF00A0CD61 /* LaikaTests.swift */; };
/* End PBXBuildFile section */

/* Begin PBXContainerItemProxy section */
		06D525751A0BDFFF00A0CD61 /* PBXContainerItemProxy */ = {
			isa = PBXContainerItemProxy;
			containerPortal = 06D525571A0BDFFF00A0CD61 /* Project object */;
			proxyType = 1;
			remoteGlobalIDString = 06D5255E1A0BDFFF00A0CD61;
			remoteInfo = Laika;
		};
/* End PBXContainerItemProxy section */

/* Begin PBXFileReference section */
		06D5255F1A0BDFFF00A0CD61 /* Laika.app */ = {isa = PBXFileReference; explicitFileType = wrapper.application; includeInIndex = 0; path = Laika.app; sourceTree = BUILT_PRODUCTS_DIR; };
		06D525631A0BDFFF00A0CD61 /* Info.plist */ = {isa = PBXFileReference; lastKnownFileType = text.plist.xml; path = Info.plist; sourceTree = "<group>"; };
		06D525641A0BDFFF00A0CD61 /* AppDelegate.swift */ = {isa = PBXFileReference; lastKnownFileType = sourcecode.swift; path = AppDelegate.swift; sourceTree = "<group>"; };
		06D525661A0BDFFF00A0CD61 /* ViewController.swift */ = {isa = PBXFileReference; lastKnownFileType = sourcecode.swift; path = ViewController.swift; sourceTree = "<group>"; };
		06D525691A0BDFFF00A0CD61 /* Base */ = {isa = PBXFileReference; lastKnownFileType = file.storyboard; name = Base; path = Base.lproj/Main.storyboard; sourceTree = "<group>"; };
		06D5256B1A0BDFFF00A0CD61 /* Images.xcassets */ = {isa = PBXFileReference; lastKnownFileType = folder.assetcatalog; path = Images.xcassets; sourceTree = "<group>"; };
		06D5256E1A0BDFFF00A0CD61 /* Base */ = {isa = PBXFileReference; lastKnownFileType = file.xib; name = Base; path = Base.lproj/LaunchScreen.xib; sourceTree = "<group>"; };
		06D525741A0BDFFF00A0CD61 /* LaikaTests.xctest */ = {isa = PBXFileReference; explicitFileType = wrapper.cfbundle; includeInIndex = 0; path = LaikaTests.xctest; sourceTree = BUILT_PRODUCTS_DIR; };
		06D525791A0BDFFF00A0CD61 /* Info.plist */ = {isa = PBXFileReference; lastKnownFileType = text.plist.xml; path = Info.plist; sourceTree = "<group>"; };
		06D5257A1A0BDFFF00A0CD61 /* LaikaTests.swift */ = {isa = PBXFileReference; lastKnownFileType = sourcecode.swift; path = LaikaTests.swift; sourceTree = "<group>"; };
/* End PBXFileReference section */

/* Begin PBXFrameworksBuildPhase section */
		06D5255C1A0BDFFF00A0CD61 /* Frameworks */ = {
			isa = PBXFrameworksBuildPhase;
			buildActionMask = 2147483647;
			files = (
			);
			runOnlyForDeploymentPostprocessing = 0;
		};
		06D525711A0BDFFF00A0CD61 /* Frameworks */ = {
			isa = PBXFrameworksBuildPhase;
			buildActionMask = 2147483647;
			files = (
			);
			runOnlyForDeploymentPostprocessing = 0;
		};
/* End PBXFrameworksBuildPhase section */

/* Begin PBXGroup section */
		06D525561A0BDFFF00A0CD61 = {
			isa = PBXGroup;
			children = (
				06D525611A0BDFFF00A0CD61 /* Laika */,
				06D525771A0BDFFF00A0CD61 /* LaikaTests */,
				06D525601A0BDFFF00A0CD61 /* Products */,
			);
			sourceTree = "<group>";
		};
		06D525601A0BDFFF00A0CD61 /* Products */ = {
			isa = PBXGroup;
			children = (
				06D5255F1A0BDFFF00A0CD61 /* Laika.app */,
				06D525741A0BDFFF00A0CD61 /* LaikaTests.xctest */,
			);
			name = Products;
			sourceTree = "<group>";
		};
		06D525611A0BDFFF00A0CD61 /* Laika */ = {
			isa = PBXGroup;
			children = (
				06D525641A0BDFFF00A0CD61 /* AppDelegate.swift */,
				06D525661A0BDFFF00A0CD61 /* ViewController.swift */,
				06D525681A0BDFFF00A0CD61 /* Main.storyboard */,
				06D5256B1A0BDFFF00A0CD61 /* Images.xcassets */,
				06D5256D1A0BDFFF00A0CD61 /* LaunchScreen.xib */,
				06D525621A0BDFFF00A0CD61 /* Supporting Files */,
			);
			path = Laika;
			sourceTree = "<group>";
		};
		06D525621A0BDFFF00A0CD61 /* Supporting Files */ = {
			isa = PBXGroup;
			children = (
				06D525631A0BDFFF00A0CD61 /* Info.plist */,
			);
			name = "Supporting Files";
			sourceTree = "<group>";
		};
		06D525771A0BDFFF00A0CD61 /* LaikaTests */ = {
			isa = PBXGroup;
			children = (
				06D5257A1A0BDFFF00A0CD61 /* LaikaTests.swift */,
				06D525781A0BDFFF00A0CD61 /* Supporting Files */,
			);
			path = LaikaTests;
			sourceTree = "<group>";
		};
		06D525781A0BDFFF00A0CD61 /* Supporting Files */ = {
			isa = PBXGroup;
			children = (
				06D525791A0BDFFF00A0CD61 /* Info.plist */,
			);
			name = "Supporting Files";
			sourceTree = "<group>";
		};
/* End PBXGroup section */

/* Begin PBXNativeTarget section */
		06D5255E1A0BDFFF00A0CD61 /* Laika */ = {
			isa = PBXNativeTarget;
			buildConfigurationList = 06D5257E1A0BDFFF00A0CD61 /* Build configuration list for PBXNativeTarget "Laika" */;
			buildPhases = (
				06D5255B1A0BDFFF00A0CD61 /* Sources */,
				06D5255C1A0BDFFF00A0CD61 /* Frameworks */,
				06D5255D1A0BDFFF00A0CD61 /* Resources */,
			);
			buildRules = (
			);
			dependencies = (
			);
			name = Laika;
			productName = Laika;
			productReference = 06D5255F1A0BDFFF00A0CD61 /* Laika.app */;
			productType = "com.apple.product-type.application";
		};
		06D525731A0BDFFF00A0CD61 /* LaikaTests */ = {
			isa = PBXNativeTarget;
			buildConfigurationList = 06D525811A0BDFFF00A0CD61 /* Build configuration list for PBXNativeTarget "LaikaTests" */;
			buildPhases = (
				06D525701A0BDFFF00A0CD61 /* Sources */,
				06D525711A0BDFFF00A0CD61 /* Frameworks */,
				06D525721A0BDFFF00A0CD61 /* Resources */,
			);
			buildRules = (
			);
			dependencies = (
				06D525761A0BDFFF00A0CD61 /* PBXTargetDependency */,
			);
			name = LaikaTests;
			productName = LaikaTests;
			productReference = 06D525741A0BDFFF00A0CD61 /* LaikaTests.xctest */;
			productType = "com.apple.product-type.bundle.unit-test";
		};
/* End PBXNativeTarget section */

/* Begin PBXProject section */
		06D525571A0BDFFF00A0CD61 /* Project object */ = {
			isa = PBXProject;
			attributes = {
				LastUpgradeCheck = 0610;
				ORGANIZATIONNAME = "John Mulholland";
				TargetAttributes = {
					06D5255E1A0BDFFF00A0CD61 = {
						CreatedOnToolsVersion = 6.1;
					};
					06D525731A0BDFFF00A0CD61 = {
						CreatedOnToolsVersion = 6.1;
						TestTargetID = 06D5255E1A0BDFFF00A0CD61;
					};
				};
			};
			buildConfigurationList = 06D5255A1A0BDFFF00A0CD61 /* Build configuration list for PBXProject "Laika" */;
			compatibilityVersion = "Xcode 3.2";
			developmentRegion = English;
			hasScannedForEncodings = 0;
			knownRegions = (
				en,
				Base,
			);
			mainGroup = 06D525561A0BDFFF00A0CD61;
			productRefGroup = 06D525601A0BDFFF00A0CD61 /* Products */;
			projectDirPath = "";
			projectRoot = "";
			targets = (
				06D5255E1A0BDFFF00A0CD61 /* Laika */,
				06D525731A0BDFFF00A0CD61 /* LaikaTests */,
			);
		};
/* End PBXProject section */

/* Begin PBXResourcesBuildPhase section */
		06D5255D1A0BDFFF00A0CD61 /* Resources */ = {
			isa = PBXResourcesBuildPhase;
			buildActionMask = 2147483647;
			files = (
				06D5256A1A0BDFFF00A0CD61 /* Main.storyboard in Resources */,
				06D5256F1A0BDFFF00A0CD61 /* LaunchScreen.xib in Resources */,
				06D5256C1A0BDFFF00A0CD61 /* Images.xcassets in Resources */,
			);
			runOnlyForDeploymentPostprocessing = 0;
		};
		06D525721A0BDFFF00A0CD61 /* Resources */ = {
			isa = PBXResourcesBuildPhase;
			buildActionMask = 2147483647;
			files = (
			);
			runOnlyForDeploymentPostprocessing = 0;
		};
/* End PBXResourcesBuildPhase section */

/* Begin PBXSourcesBuildPhase section */
		06D5255B1A0BDFFF00A0CD61 /* Sources */ = {
			isa = PBXSourcesBuildPhase;
			buildActionMask = 2147483647;
			files = (
				06D525671A0BDFFF00A0CD61 /* ViewController.swift in Sources */,
				06D525651A0BDFFF00A0CD61 /* AppDelegate.swift in Sources */,
			);
			runOnlyForDeploymentPostprocessing = 0;
		};
		06D525701A0BDFFF00A0CD61 /* Sources */ = {
			isa = PBXSourcesBuildPhase;
			buildActionMask = 2147483647;
			files = (
				06D5257B1A0BDFFF00A0CD61 /* LaikaTests.swift in Sources */,
			);
			runOnlyForDeploymentPostprocessing = 0;
		};
/* End PBXSourcesBuildPhase section */

/* Begin PBXTargetDependency section */
		06D525761A0BDFFF00A0CD61 /* PBXTargetDependency */ = {
			isa = PBXTargetDependency;
			target = 06D5255E1A0BDFFF00A0CD61 /* Laika */;
			targetProxy = 06D525751A0BDFFF00A0CD61 /* PBXContainerItemProxy */;
		};
/* End PBXTargetDependency section */

/* Begin PBXVariantGroup section */
		06D525681A0BDFFF00A0CD61 /* Main.storyboard */ = {
			isa = PBXVariantGroup;
			children = (
				06D525691A0BDFFF00A0CD61 /* Base */,
			);
			name = Main.storyboard;
			sourceTree = "<group>";
		};
		06D5256D1A0BDFFF00A0CD61 /* LaunchScreen.xib */ = {
			isa = PBXVariantGroup;
			children = (
				06D5256E1A0BDFFF00A0CD61 /* Base */,
			);
			name = LaunchScreen.xib;
			sourceTree = "<group>";
		};
/* End PBXVariantGroup section */

/* Begin XCBuildConfiguration section */
		06D5257C1A0BDFFF00A0CD61 /* Debug */ = {
			isa = XCBuildConfiguration;
			buildSettings = {
				ALWAYS_SEARCH_USER_PATHS = NO;
				CLANG_CXX_LANGUAGE_STANDARD = "gnu++0x";
				CLANG_CXX_LIBRARY = "libc++";
				CLANG_ENABLE_MODULES = YES;
				CLANG_ENABLE_OBJC_ARC = YES;
				CLANG_WARN_BOOL_CONVERSION = YES;
				CLANG_WARN_CONSTANT_CONVERSION = YES;
				CLANG_WARN_DIRECT_OBJC_ISA_USAGE = YES_ERROR;
				CLANG_WARN_EMPTY_BODY = YES;
				CLANG_WARN_ENUM_CONVERSION = YES;
				CLANG_WARN_INT_CONVERSION = YES;
				CLANG_WARN_OBJC_ROOT_CLASS = YES_ERROR;
				CLANG_WARN_UNREACHABLE_CODE = YES;
				CLANG_WARN__DUPLICATE_METHOD_MATCH = YES;
				"CODE_SIGN_IDENTITY[sdk=iphoneos*]" = "iPhone Developer";
				COPY_PHASE_STRIP = NO;
				ENABLE_STRICT_OBJC_MSGSEND = YES;
				GCC_C_LANGUAGE_STANDARD = gnu99;
				GCC_DYNAMIC_NO_PIC = NO;
				GCC_OPTIMIZATION_LEVEL = 0;
				GCC_PREPROCESSOR_DEFINITIONS = (
					"DEBUG=1",
					"$(inherited)",
				);
				GCC_SYMBOLS_PRIVATE_EXTERN = NO;
				GCC_WARN_64_TO_32_BIT_CONVERSION = YES;
				GCC_WARN_ABOUT_RETURN_TYPE = YES_ERROR;
				GCC_WARN_UNDECLARED_SELECTOR = YES;
				GCC_WARN_UNINITIALIZED_AUTOS = YES_AGGRESSIVE;
				GCC_WARN_UNUSED_FUNCTION = YES;
				GCC_WARN_UNUSED_VARIABLE = YES;
				IPHONEOS_DEPLOYMENT_TARGET = 8.1;
				MTL_ENABLE_DEBUG_INFO = YES;
				ONLY_ACTIVE_ARCH = YES;
				SDKROOT = iphoneos;
				SWIFT_OPTIMIZATION_LEVEL = "-Onone";
				TARGETED_DEVICE_FAMILY = "1,2";
			};
			name = Debug;
		};
		06D5257D1A0BDFFF00A0CD61 /* Release */ = {
			isa = XCBuildConfiguration;
			buildSettings = {
				ALWAYS_SEARCH_USER_PATHS = NO;
				CLANG_CXX_LANGUAGE_STANDARD = "gnu++0x";
				CLANG_CXX_LIBRARY = "libc++";
				CLANG_ENABLE_MODULES = YES;
				CLANG_ENABLE_OBJC_ARC = YES;
				CLANG_WARN_BOOL_CONVERSION = YES;
				CLANG_WARN_CONSTANT_CONVERSION = YES;
				CLANG_WARN_DIRECT_OBJC_ISA_USAGE = YES_ERROR;
				CLANG_WARN_EMPTY_BODY = YES;
				CLANG_WARN_ENUM_CONVERSION = YES;
				CLANG_WARN_INT_CONVERSION = YES;
				CLANG_WARN_OBJC_ROOT_CLASS = YES_ERROR;
				CLANG_WARN_UNREACHABLE_CODE = YES;
				CLANG_WARN__DUPLICATE_METHOD_MATCH = YES;
				"CODE_SIGN_IDENTITY[sdk=iphoneos*]" = "iPhone Developer";
				COPY_PHASE_STRIP = YES;
				ENABLE_NS_ASSERTIONS = NO;
				ENABLE_STRICT_OBJC_MSGSEND = YES;
				GCC_C_LANGUAGE_STANDARD = gnu99;
				GCC_WARN_64_TO_32_BIT_CONVERSION = YES;
				GCC_WARN_ABOUT_RETURN_TYPE = YES_ERROR;
				GCC_WARN_UNDECLARED_SELECTOR = YES;
				GCC_WARN_UNINITIALIZED_AUTOS = YES_AGGRESSIVE;
				GCC_WARN_UNUSED_FUNCTION = YES;
				GCC_WARN_UNUSED_VARIABLE = YES;
				IPHONEOS_DEPLOYMENT_TARGET = 8.1;
				MTL_ENABLE_DEBUG_INFO = NO;
				SDKROOT = iphoneos;
				TARGETED_DEVICE_FAMILY = "1,2";
				VALIDATE_PRODUCT = YES;
			};
			name = Release;
		};
		06D5257F1A0BDFFF00A0CD61 /* Debug */ = {
			isa = XCBuildConfiguration;
			buildSettings = {
				ASSETCATALOG_COMPILER_APPICON_NAME = AppIcon;
				INFOPLIST_FILE = Laika/Info.plist;
				LD_RUNPATH_SEARCH_PATHS = "$(inherited) @executable_path/Frameworks";
				PRODUCT_NAME = "$(TARGET_NAME)";
			};
			name = Debug;
		};
		06D525801A0BDFFF00A0CD61 /* Release */ = {
			isa = XCBuildConfiguration;
			buildSettings = {
				ASSETCATALOG_COMPILER_APPICON_NAME = AppIcon;
				INFOPLIST_FILE = Laika/Info.plist;
				LD_RUNPATH_SEARCH_PATHS = "$(inherited) @executable_path/Frameworks";
				PRODUCT_NAME = "$(TARGET_NAME)";
			};
			name = Release;
		};
		06D525821A0BDFFF00A0CD61 /* Debug */ = {
			isa = XCBuildConfiguration;
			buildSettings = {
				BUNDLE_LOADER = "$(TEST_HOST)";
				FRAMEWORK_SEARCH_PATHS = (
					"$(SDKROOT)/Developer/Library/Frameworks",
					"$(inherited)",
				);
				GCC_PREPROCESSOR_DEFINITIONS = (
					"DEBUG=1",
					"$(inherited)",
				);
				INFOPLIST_FILE = LaikaTests/Info.plist;
				LD_RUNPATH_SEARCH_PATHS = "$(inherited) @executable_path/Frameworks @loader_path/Frameworks";
				PRODUCT_NAME = "$(TARGET_NAME)";
				TEST_HOST = "$(BUILT_PRODUCTS_DIR)/Laika.app/Laika";
			};
			name = Debug;
		};
		06D525831A0BDFFF00A0CD61 /* Release */ = {
			isa = XCBuildConfiguration;
			buildSettings = {
				BUNDLE_LOADER = "$(TEST_HOST)";
				FRAMEWORK_SEARCH_PATHS = (
					"$(SDKROOT)/Developer/Library/Frameworks",
					"$(inherited)",
				);
				INFOPLIST_FILE = LaikaTests/Info.plist;
				LD_RUNPATH_SEARCH_PATHS = "$(inherited) @executable_path/Frameworks @loader_path/Frameworks";
				PRODUCT_NAME = "$(TARGET_NAME)";
				TEST_HOST = "$(BUILT_PRODUCTS_DIR)/Laika.app/Laika";
			};
			name = Release;
		};
/* End XCBuildConfiguration section */

/* Begin XCConfigurationList section */
		06D5255A1A0BDFFF00A0CD61 /* Build configuration list for PBXProject "Laika" */ = {
			isa = XCConfigurationList;
			buildConfigurations = (
				06D5257C1A0BDFFF00A0CD61 /* Debug */,
				06D5257D1A0BDFFF00A0CD61 /* Release */,
			);
			defaultConfigurationIsVisible = 0;
			defaultConfigurationName = Release;
		};
		06D5257E1A0BDFFF00A0CD61 /* Build configuration list for PBXNativeTarget "Laika" */ = {
			isa = XCConfigurationList;
			buildConfigurations = (
				06D5257F1A0BDFFF00A0CD61 /* Debug */,
				06D525801A0BDFFF00A0CD61 /* Release */,
			);
			defaultConfigurationIsVisible = 0;
		};
		06D525811A0BDFFF00A0CD61 /* Build configuration list for PBXNativeTarget "LaikaTests" */ = {
			isa = XCConfigurationList;
			buildConfigurations = (
				06D525821A0BDFFF00A0CD61 /* Debug */,
				06D525831A0BDFFF00A0CD61 /* Release */,
			);
			defaultConfigurationIsVisible = 0;
		};
/* End XCConfigurationList section */
	};
	rootObject = 06D525571A0BDFFF00A0CD61 /* Project object */;
}
